
Microsoft Visual Studio Solution File, Format Version 12.00
Project("{FAE04EC0-301F-11D3-BF4B-00C04F79EFBC}") = "AutoComplete1.1", "AutoComplete1.1\AutoComplete1.1.csproj", "{0EF4616E-6E61-4BEC-824C-344BA4A1F19E}"
EndProject
Project("{FAE04EC0-301F-11D3-BF4B-00C04F79EFBC}") = "AutoCompleteTests", "AutoCompleteTests\AutoCompleteTests.csproj", "{906D06D6-746F-4426-A891-5AA41285870B}"
EndProject
Global
	GlobalSection(SolutionConfigurationPlatforms) = preSolution
		Debug|Any CPU = Debug|Any CPU
		Release|Any CPU = Release|Any CPU
	EndGlobalSection
	GlobalSection(ProjectConfigurationPlatforms) = postSolution
		{0EF4616E-6E61-4BEC-824C-344BA4A1F19E}.Debug|Any CPU.ActiveCfg = Debug|Any CPU
		{0EF4616E-6E61-4BEC-824C-344BA4A1F19E}.Debug|Any CPU.Build.0 = Debug|Any CPU
		{0EF4616E-6E61-4BEC-824C-344BA4A1F19E}.Release|Any CPU.ActiveCfg = Release|Any CPU
		{0EF4616E-6E61-4BEC-824C-344BA4A1F19E}.Release|Any CPU.Build.0 = Release|Any CPU
		{906D06D6-746F-4426-A891-5AA41285870B}.Debug|Any CPU.ActiveCfg = Debug|Any CPU
		{906D06D6-746F-4426-A891-5AA41285870B}.Debug|Any CPU.Build.0 = Debug|Any CPU
		{906D06D6-746F-4426-A891-5AA41285870B}.Release|Any CPU.ActiveCfg = Release|Any CPU
		{906D06D6-746F-4426-A891-5AA41285870B}.Release|Any CPU.Build.0 = Release|Any CPU
	EndGlobalSection
EndGlobal
